PODS:
  - ExCoreData (0.2.0):
    - ExLog
  - ExLog (0.4.0)
  - FBSnapshotTestCase (2.1.4):
    - FBSnapshotTestCase/SwiftSupport (= 2.1.4)
  - FBSnapshotTestCase/Core (2.1.4)
  - FBSnapshotTestCase/SwiftSupport (2.1.4):
    - FBSnapshotTestCase/Core
  - iOSSnapshotTestCase (6.2.0):
    - iOSSnapshotTestCase/SwiftSupport (= 6.2.0)
  - iOSSnapshotTestCase/Core (6.2.0)
  - iOSSnapshotTestCase/SwiftSupport (6.2.0):
    - iOSSnapshotTestCase/Core
  - Nimble (9.0.0)
  - Nimble-Snapshots (9.1.0):
    - Nimble-Snapshots/Core (= 9.1.0)
  - Nimble-Snapshots/Core (9.1.0):
    - iOSSnapshotTestCase (~> 6.0)
    - Nimble
  - Quick (3.0.0)

DEPENDENCIES:
  - ExCoreData (from `../`)
  - ExLog (from `https://github.com/chorokichi/ExLog.git`)
  - FBSnapshotTestCase
  - Nimble
  - Nimble-Snapshots
  - Quick

SPEC REPOS:
  trunk:
    - FBSnapshotTestCase
    - iOSSnapshotTestCase
    - Nimble
    - Nimble-Snapshots
    - Quick

EXTERNAL SOURCES:
  ExCoreData:
    :path: "../"
  ExLog:
    :git: https://github.com/chorokichi/ExLog.git

CHECKOUT OPTIONS:
  ExLog:
    :commit: 05b489042be8f02d968ea6fb98ba205bd3bf4976
    :git: https://github.com/chorokichi/ExLog.git

SPEC CHECKSUMS:
  ExCoreData: 658215fe30dee46dfd87e5f57c0d019894d46bd1
  ExLog: 51b9a2ae49ceb6f231c0377b983c4a1b362dd292
  FBSnapshotTestCase: 094f9f314decbabe373b87cc339bea235a63e07a
  iOSSnapshotTestCase: 9ab44cb5aa62b84d31847f40680112e15ec579a6
  Nimble: 3b4ec3fd40f1dc178058e0981107721c615643d8
  Nimble-Snapshots: 6605431525245f967ca9d558bb12a49da3d040e3
  Quick: 6d9559f40647bc4d510103842ef2fdd882d753e2

PODFILE CHECKSUM: 0b536bbc708ceeb9889f943710678667672d0f9f

COCOAPODS: 1.10.0
